
Microsoft Visual Studio Solution File, Format Version 12.00
# Visual Studio Version 16
VisualStudioVersion = 16.0.30611.23
MinimumVisualStudioVersion = 10.0.40219.1
Project("{FAE04EC0-301F-11D3-BF4B-00C04F79EFBC}") = "Arcanoid", "Arcanoid.csproj", "{550DB6BB-F289-4FF3-A7AA-21AEBD056751}"
EndProject
Global
	GlobalSection(SolutionConfigurationPlatforms) = preSolution
		Debug|Any CPU = Debug|Any CPU
		Release|Any CPU = Release|Any CPU
	EndGlobalSection
	GlobalSection(ProjectConfigurationPlatforms) = postSolution
		{550DB6BB-F289-4FF3-A7AA-21AEBD056751}.Debug|Any CPU.ActiveCfg = Debug|Any CPU
		{550DB6BB-F289-4FF3-A7AA-21AEBD056751}.Debug|Any CPU.Build.0 = Debug|Any CPU
		{550DB6BB-F289-4FF3-A7AA-21AEBD056751}.Release|Any CPU.ActiveCfg = Release|Any CPU
		{550DB6BB-F289-4FF3-A7AA-21AEBD056751}.Release|Any CPU.Build.0 = Release|Any CPU
	EndGlobalSection
	GlobalSection(SolutionProperties) = preSolution
		HideSolutionNode = FALSE
	EndGlobalSection
	GlobalSection(ExtensibilityGlobals) = postSolution
		SolutionGuid = {ECF307D0-061E-428D-B3B8-079A94F101C0}
	EndGlobalSection
EndGlobal
