
Microsoft Visual Studio Solution File, Format Version 12.00
# Visual Studio Version 16
VisualStudioVersion = 16.0.32413.511
MinimumVisualStudioVersion = 10.0.40219.1
Project("{FAE04EC0-301F-11D3-BF4B-00C04F79EFBC}") = "PenguinPairs", "PenguinPairs.csproj", "{544FA3A3-E4A9-4009-835C-76CE0CD6E443}"
EndProject
Global
	GlobalSection(SolutionConfigurationPlatforms) = preSolution
		Debug|Any CPU = Debug|Any CPU
		Release|Any CPU = Release|Any CPU
	EndGlobalSection
	GlobalSection(ProjectConfigurationPlatforms) = postSolution
		{544FA3A3-E4A9-4009-835C-76CE0CD6E443}.Debug|Any CPU.ActiveCfg = Debug|Any CPU
		{544FA3A3-E4A9-4009-835C-76CE0CD6E443}.Debug|Any CPU.Build.0 = Debug|Any CPU
		{544FA3A3-E4A9-4009-835C-76CE0CD6E443}.Release|Any CPU.ActiveCfg = Release|Any CPU
		{544FA3A3-E4A9-4009-835C-76CE0CD6E443}.Release|Any CPU.Build.0 = Release|Any CPU
	EndGlobalSection
	GlobalSection(SolutionProperties) = preSolution
		HideSolutionNode = FALSE
	EndGlobalSection
	GlobalSection(ExtensibilityGlobals) = postSolution
		SolutionGuid = {B2CE63B9-5B43-480B-8BAE-1F7AAE0CA388}
	EndGlobalSection
EndGlobal
